<?xml version="1.0" encoding="utf-8"?>
<Project ToolsVersion="4.0" xmlns="http://schemas.microsoft.com/developer/msbuild/2003">
  <ItemGroup>
    <Filter Include="소스 파일">
      <UniqueIdentifier>{4FC737F1-C7A5-4376-A066-2A32D752A2FF}</UniqueIdentifier>
      <Extensions>cpp;c;cc;cxx;def;odl;idl;hpj;bat;asm;asmx</Extensions>
    </Filter>
    <Filter Include="헤더 파일">
      <UniqueIdentifier>{93995380-89BD-4b04-88EB-625FBE52EBFB}</UniqueIdentifier>
      <Extensions>h;hpp;hxx;hm;inl;inc;xsd</Extensions>
    </Filter>
    <Filter Include="리소스 파일">
      <UniqueIdentifier>{67DA6AB6-F800-4c08-8B7A-83BB121AAD01}</UniqueIdentifier>
      <Extensions>rc;ico;cur;bmp;dlg;rc2;rct;bin;rgs;gif;jpg;jpeg;jpe;resx;tiff;tif;png;wav</Extensions>
    </Filter>
    <Filter Include="GameState">
      <UniqueIdentifier>{67613143-ab39-463f-aa5f-6798ac6e6a64}</UniqueIdentifier>
    </Filter>
  </ItemGroup>
  <ItemGroup>
    <ClCompile Include="BackGround.cpp">
      <Filter>소스 파일</Filter>
    </ClCompile>
    <ClCompile Include="box.cpp">
      <Filter>소스 파일</Filter>
    </ClCompile>
    <ClCompile Include="BoxList.cpp">
      <Filter>소스 파일</Filter>
    </ClCompile>
    <ClCompile Include="camera.cpp">
      <Filter>소스 파일</Filter>
    </ClCompile>
    <ClCompile Include="Global.cpp">
      <Filter>소스 파일</Filter>
    </ClCompile>
    <ClCompile Include="LinkedList.cpp">
      <Filter>소스 파일</Filter>
    </ClCompile>
    <ClCompile Include="Main.cpp">
      <Filter>소스 파일</Filter>
    </ClCompile>
    <ClCompile Include="MiniMap.cpp">
      <Filter>소스 파일</Filter>
    </ClCompile>
    <ClCompile Include="missile.cpp">
      <Filter>소스 파일</Filter>
    </ClCompile>
    <ClCompile Include="plane.cpp">
      <Filter>소스 파일</Filter>
    </ClCompile>
    <ClCompile Include="player.cpp">
      <Filter>소스 파일</Filter>
    </ClCompile>
    <ClCompile Include="Score.cpp">
      <Filter>소스 파일</Filter>
    </ClCompile>
    <ClCompile Include="GameState.cpp">
      <Filter>GameState</Filter>
    </ClCompile>
    <ClCompile Include="GameStateManager.cpp">
      <Filter>GameState</Filter>
    </ClCompile>
    <ClCompile Include="LogoState.cpp">
      <Filter>GameState</Filter>
    </ClCompile>
    <ClCompile Include="MainGameState.cpp">
      <Filter>GameState</Filter>
    </ClCompile>
    <ClCompile Include="MenuState.cpp">
      <Filter>GameState</Filter>
    </ClCompile>
    <ClCompile Include="RankingState.cpp">
      <Filter>GameState</Filter>
    </ClCompile>
    <ClCompile Include="StageClear.cpp">
      <Filter>GameState</Filter>
    </ClCompile>
    <ClCompile Include="StageSelect.cpp">
      <Filter>GameState</Filter>
    </ClCompile>
  </ItemGroup>
  <ItemGroup>
    <ClInclude Include="BackGround.h">
      <Filter>헤더 파일</Filter>
    </ClInclude>
    <ClInclude Include="box.h">
      <Filter>헤더 파일</Filter>
    </ClInclude>
    <ClInclude Include="BoxList.h">
      <Filter>헤더 파일</Filter>
    </ClInclude>
    <ClInclude Include="camera.h">
      <Filter>헤더 파일</Filter>
    </ClInclude>
    <ClInclude Include="Global.h">
      <Filter>헤더 파일</Filter>
    </ClInclude>
    <ClInclude Include="LinkedList.h">
      <Filter>헤더 파일</Filter>
    </ClInclude>
    <ClInclude Include="MiniMap.h">
      <Filter>헤더 파일</Filter>
    </ClInclude>
    <ClInclude Include="missile.h">
      <Filter>헤더 파일</Filter>
    </ClInclude>
    <ClInclude Include="plane.h">
      <Filter>헤더 파일</Filter>
    </ClInclude>
    <ClInclude Include="player.h">
      <Filter>헤더 파일</Filter>
    </ClInclude>
    <ClInclude Include="Score.h">
      <Filter>헤더 파일</Filter>
    </ClInclude>
    <ClInclude Include="GameState.h">
      <Filter>GameState</Filter>
    </ClInclude>
    <ClInclude Include="GameStateManager.h">
      <Filter>GameState</Filter>
    </ClInclude>
    <ClInclude Include="LogoState.h">
      <Filter>GameState</Filter>
    </ClInclude>
    <ClInclude Include="MainGameState.h">
      <Filter>GameState</Filter>
    </ClInclude>
    <ClInclude Include="MenuState.h">
      <Filter>GameState</Filter>
    </ClInclude>
    <ClInclude Include="RankingState.h">
      <Filter>GameState</Filter>
    </ClInclude>
    <ClInclude Include="StageClear.h">
      <Filter>GameState</Filter>
    </ClInclude>
    <ClInclude Include="StageSelect.h">
      <Filter>GameState</Filter>
    </ClInclude>
  </ItemGroup>
  <ItemGroup>
    <Image Include="GoAway.ico">
      <Filter>리소스 파일</Filter>
    </Image>
  </ItemGroup>
</Project>